
Microsoft Visual Studio Solution File, Format Version 12.00
# Visual Studio 15
VisualStudioVersion = 15.0.28307.1082
MinimumVisualStudioVersion = 10.0.40219.1
Project("{FAE04EC0-301F-11D3-BF4B-00C04F79EFBC}") = "SwanToSerilog", "SwanToSerilog\SwanToSerilog.csproj", "{AC5D7353-1774-4007-B1DD-FEA0F6B4AF1D}"
EndProject
Project("{FAE04EC0-301F-11D3-BF4B-00C04F79EFBC}") = "Example", "Example\Example.csproj", "{51FC3A12-9D58-46B4-8F6E-7372B6C9B37C}"
EndProject
Global
	GlobalSection(SolutionConfigurationPlatforms) = preSolution
		Debug|Any CPU = Debug|Any CPU
		Release|Any CPU = Release|Any CPU
	EndGlobalSection
	GlobalSection(ProjectConfigurationPlatforms) = postSolution
		{AC5D7353-1774-4007-B1DD-FEA0F6B4AF1D}.Debug|Any CPU.ActiveCfg = Debug|Any CPU
		{AC5D7353-1774-4007-B1DD-FEA0F6B4AF1D}.Debug|Any CPU.Build.0 = Debug|Any CPU
		{AC5D7353-1774-4007-B1DD-FEA0F6B4AF1D}.Release|Any CPU.ActiveCfg = Release|Any CPU
		{AC5D7353-1774-4007-B1DD-FEA0F6B4AF1D}.Release|Any CPU.Build.0 = Release|Any CPU
		{51FC3A12-9D58-46B4-8F6E-7372B6C9B37C}.Debug|Any CPU.ActiveCfg = Debug|Any CPU
		{51FC3A12-9D58-46B4-8F6E-7372B6C9B37C}.Debug|Any CPU.Build.0 = Debug|Any CPU
		{51FC3A12-9D58-46B4-8F6E-7372B6C9B37C}.Release|Any CPU.ActiveCfg = Release|Any CPU
		{51FC3A12-9D58-46B4-8F6E-7372B6C9B37C}.Release|Any CPU.Build.0 = Release|Any CPU
	EndGlobalSection
	GlobalSection(SolutionProperties) = preSolution
		HideSolutionNode = FALSE
	EndGlobalSection
	GlobalSection(ExtensibilityGlobals) = postSolution
		SolutionGuid = {E746856B-02AC-42C4-8983-3E39FC619673}
	EndGlobalSection
EndGlobal
